<?xml version="1.0" encoding="utf-8"?>
<Project ToolsVersion="4.0" xmlns="http://schemas.microsoft.com/developer/msbuild/2003">
  <ItemGroup>
    <ClCompile Include="Graphics\Graphics.cpp">
      <Filter>cpp</Filter>
    </ClCompile>
    <ClCompile Include="main.cpp">
      <Filter>cpp</Filter>
    </ClCompile>
    <ClCompile Include="tiny_obj_loader.cc">
      <Filter>cpp</Filter>
    </ClCompile>
    <ClCompile Include="Graphics\ShaderSource.cpp" />
    <ClCompile Include="Graphics\OpenGL\GLGraphics.cpp" />
    <ClCompile Include="Graphics\OpenGL\GLIndexBuffer.cpp" />
    <ClCompile Include="Graphics\OpenGL\GLShader.cpp" />
    <ClCompile Include="Graphics\OpenGL\GLVertexBuffer.cpp" />
    <ClCompile Include="Graphics\OpenGL\GLVertexInput.cpp" />
  </ItemGroup>
  <ItemGroup>
    <ClInclude Include="Graphics\Definitions.h">
      <Filter>h</Filter>
    </ClInclude>
    <ClInclude Include="Graphics\Graphics.h">
      <Filter>h</Filter>
    </ClInclude>
    <ClInclude Include="tiny_obj_loader.h">
      <Filter>h</Filter>
    </ClInclude>
    <ClInclude Include="Graphics\VertexBuffer.h" />
    <ClInclude Include="Graphics\IndexBuffer.h" />
    <ClInclude Include="Graphics\Shader.h" />
    <ClInclude Include="Graphics\VertexInput.h" />
  </ItemGroup>
  <ItemGroup>
    <Filter Include="cpp">
      <UniqueIdentifier>{b62b32ae-5d32-48f9-8278-9ca6bf8dd583}</UniqueIdentifier>
      <Extensions>.cpp</Extensions>
    </Filter>
    <Filter Include="h">
      <UniqueIdentifier>{f8710bdf-63d9-475e-864a-b637dc332341}</UniqueIdentifier>
    </Filter>
  </ItemGroup>
  <ItemGroup>
    <None Include="shader.glsl" />
    <None Include="SDL2.dll" />
  </ItemGroup>
  <ItemGroup>
    <FxCompile Include="shader.hlsl" />
  </ItemGroup>
</Project>